// !$*UTF8*$!
{
	archiveVersion = 1;
	classes = {
	};
	objectVersion = 46;
	objects = {

/* Begin PBXBuildFile section */
		35355B22198AD7DC00BEE1C9 /* Foundation.framework in Frameworks */ = {isa = PBXBuildFile; fileRef = 35355B21198AD7DC00BEE1C9 /* Foundation.framework */; };
		35355B24198AD7DC00BEE1C9 /* CoreGraphics.framework in Frameworks */ = {isa = PBXBuildFile; fileRef = 35355B23198AD7DC00BEE1C9 /* CoreGraphics.framework */; };
		35355B26198AD7DC00BEE1C9 /* UIKit.framework in Frameworks */ = {isa = PBXBuildFile; fileRef = 35355B25198AD7DC00BEE1C9 /* UIKit.framework */; };
		35355B2C198AD7DC00BEE1C9 /* InfoPlist.strings in Resources */ = {isa = PBXBuildFile; fileRef = 35355B2A198AD7DC00BEE1C9 /* InfoPlist.strings */; };
		35355B2E198AD7DC00BEE1C9 /* main.m in Sources */ = {isa = PBXBuildFile; fileRef = 35355B2D198AD7DC00BEE1C9 /* main.m */; };
		35355B32198AD7DC00BEE1C9 /* AppDelegate.m in Sources */ = {isa = PBXBuildFile; fileRef = 35355B31198AD7DC00BEE1C9 /* AppDelegate.m */; };
		35355B35198AD7DC00BEE1C9 /* Main_iPhone.storyboard in Resources */ = {isa = PBXBuildFile; fileRef = 35355B33198AD7DC00BEE1C9 /* Main_iPhone.storyboard */; };
		35355B38198AD7DC00BEE1C9 /* Main_iPad.storyboard in Resources */ = {isa = PBXBuildFile; fileRef = 35355B36198AD7DC00BEE1C9 /* Main_iPad.storyboard */; };
		35355B3B198AD7DC00BEE1C9 /* ViewController.m in Sources */ = {isa = PBXBuildFile; fileRef = 35355B3A198AD7DC00BEE1C9 /* ViewController.m */; };
		35355B3D198AD7DC00BEE1C9 /* Images.xcassets in Resources */ = {isa = PBXBuildFile; fileRef = 35355B3C198AD7DC00BEE1C9 /* Images.xcassets */; };
		35355B44198AD7DC00BEE1C9 /* XCTest.framework in Frameworks */ = {isa = PBXBuildFile; fileRef = 35355B43198AD7DC00BEE1C9 /* XCTest.framework */; };
		35355B45198AD7DC00BEE1C9 /* Foundation.framework in Frameworks */ = {isa = PBXBuildFile; fileRef = 35355B21198AD7DC00BEE1C9 /* Foundation.framework */; };
		35355B46198AD7DC00BEE1C9 /* UIKit.framework in Frameworks */ = {isa = PBXBuildFile; fileRef = 35355B25198AD7DC00BEE1C9 /* UIKit.framework */; };
		35355B4E198AD7DC00BEE1C9 /* InfoPlist.strings in Resources */ = {isa = PBXBuildFile; fileRef = 35355B4C198AD7DC00BEE1C9 /* InfoPlist.strings */; };
		35355B50198AD7DC00BEE1C9 /* ImageTests.m in Sources */ = {isa = PBXBuildFile; fileRef = 35355B4F198AD7DC00BEE1C9 /* ImageTests.m */; };
/* End PBXBuildFile section */

/* Begin PBXContainerItemProxy section */
		35355B47198AD7DC00BEE1C9 /* PBXContainerItemProxy */ = {
			isa = PBXContainerItemProxy;
			containerPortal = 35355B16198AD7DB00BEE1C9 /* Project object */;
			proxyType = 1;
			remoteGlobalIDString = 35355B1D198AD7DC00BEE1C9;
			remoteInfo = Image;
		};
/* End PBXContainerItemProxy section */

/* Begin PBXFileReference section */
		35355B1E198AD7DC00BEE1C9 /* Image.app */ = {isa = PBXFileReference; explicitFileType = wrapper.application; includeInIndex = 0; path = Image.app; sourceTree = BUILT_PRODUCTS_DIR; };
		35355B21198AD7DC00BEE1C9 /* Foundation.framework */ = {isa = PBXFileReference; lastKnownFileType = wrapper.framework; name = Foundation.framework; path = System/Library/Frameworks/Foundation.framework; sourceTree = SDKROOT; };
		35355B23198AD7DC00BEE1C9 /* CoreGraphics.framework */ = {isa = PBXFileReference; lastKnownFileType = wrapper.framework; name = CoreGraphics.framework; path = System/Library/Frameworks/CoreGraphics.framework; sourceTree = SDKROOT; };
		35355B25198AD7DC00BEE1C9 /* UIKit.framework */ = {isa = PBXFileReference; lastKnownFileType = wrapper.framework; name = UIKit.framework; path = System/Library/Frameworks/UIKit.framework; sourceTree = SDKROOT; };
		35355B29198AD7DC00BEE1C9 /* Image-Info.plist */ = {isa = PBXFileReference; lastKnownFileType = text.plist.xml; path = "Image-Info.plist"; sourceTree = "<group>"; };
		35355B2B198AD7DC00BEE1C9 /* en */ = {isa = PBXFileReference; lastKnownFileType = text.plist.strings; name = en; path = en.lproj/InfoPlist.strings; sourceTree = "<group>"; };
		35355B2D198AD7DC00BEE1C9 /* main.m */ = {isa = PBXFileReference; lastKnownFileType = sourcecode.c.objc; path = main.m; sourceTree = "<group>"; };
		35355B2F198AD7DC00BEE1C9 /* Image-Prefix.pch */ = {isa = PBXFileReference; lastKnownFileType = sourcecode.c.h; path = "Image-Prefix.pch"; sourceTree = "<group>"; };
		35355B30198AD7DC00BEE1C9 /* AppDelegate.h */ = {isa = PBXFileReference; lastKnownFileType = sourcecode.c.h; path = AppDelegate.h; sourceTree = "<group>"; };
		35355B31198AD7DC00BEE1C9 /* AppDelegate.m */ = {isa = PBXFileReference; lastKnownFileType = sourcecode.c.objc; path = AppDelegate.m; sourceTree = "<group>"; };
		35355B34198AD7DC00BEE1C9 /* Base */ = {isa = PBXFileReference; lastKnownFileType = file.storyboard; name = Base; path = Base.lproj/Main_iPhone.storyboard; sourceTree = "<group>"; };
		35355B37198AD7DC00BEE1C9 /* Base */ = {isa = PBXFileReference; lastKnownFileType = file.storyboard; name = Base; path = Base.lproj/Main_iPad.storyboard; sourceTree = "<group>"; };
		35355B39198AD7DC00BEE1C9 /* ViewController.h */ = {isa = PBXFileReference; lastKnownFileType = sourcecode.c.h; path = ViewController.h; sourceTree = "<group>"; };
		35355B3A198AD7DC00BEE1C9 /* ViewController.m */ = {isa = PBXFileReference; lastKnownFileType = sourcecode.c.objc; path = ViewController.m; sourceTree = "<group>"; };
		35355B3C198AD7DC00BEE1C9 /* Images.xcassets */ = {isa = PBXFileReference; lastKnownFileType = folder.assetcatalog; path = Images.xcassets; sourceTree = "<group>"; };
		35355B42198AD7DC00BEE1C9 /* ImageTests.xctest */ = {isa = PBXFileReference; explicitFileType = wrapper.cfbundle; includeInIndex = 0; path = ImageTests.xctest; sourceTree = BUILT_PRODUCTS_DIR; };
		35355B43198AD7DC00BEE1C9 /* XCTest.framework */ = {isa = PBXFileReference; lastKnownFileType = wrapper.framework; name = XCTest.framework; path = Library/Frameworks/XCTest.framework; sourceTree = DEVELOPER_DIR; };
		35355B4B198AD7DC00BEE1C9 /* ImageTests-Info.plist */ = {isa = PBXFileReference; lastKnownFileType = text.plist.xml; path = "ImageTests-Info.plist"; sourceTree = "<group>"; };
		35355B4D198AD7DC00BEE1C9 /* en */ = {isa = PBXFileReference; lastKnownFileType = text.plist.strings; name = en; path = en.lproj/InfoPlist.strings; sourceTree = "<group>"; };
		35355B4F198AD7DC00BEE1C9 /* ImageTests.m */ = {isa = PBXFileReference; lastKnownFileType = sourcecode.c.objc; path = ImageTests.m; sourceTree = "<group>"; };
/* End PBXFileReference section */

/* Begin PBXFrameworksBuildPhase section */
		35355B1B198AD7DC00BEE1C9 /* Frameworks */ = {
			isa = PBXFrameworksBuildPhase;
			buildActionMask = 2147483647;
			files = (
				35355B24198AD7DC00BEE1C9 /* CoreGraphics.framework in Frameworks */,
				35355B26198AD7DC00BEE1C9 /* UIKit.framework in Frameworks */,
				35355B22198AD7DC00BEE1C9 /* Foundation.framework in Frameworks */,
			);
			runOnlyForDeploymentPostprocessing = 0;
		};
		35355B3F198AD7DC00BEE1C9 /* Frameworks */ = {
			isa = PBXFrameworksBuildPhase;
			buildActionMask = 2147483647;
			files = (
				35355B44198AD7DC00BEE1C9 /* XCTest.framework in Frameworks */,
				35355B46198AD7DC00BEE1C9 /* UIKit.framework in Frameworks */,
				35355B45198AD7DC00BEE1C9 /* Foundation.framework in Frameworks */,
			);
			runOnlyForDeploymentPostprocessing = 0;
		};
/* End PBXFrameworksBuildPhase section */

/* Begin PBXGroup section */
		35355B15198AD7DB00BEE1C9 = {
			isa = PBXGroup;
			children = (
				35355B27198AD7DC00BEE1C9 /* Image */,
				35355B49198AD7DC00BEE1C9 /* ImageTests */,
				35355B20198AD7DC00BEE1C9 /* Frameworks */,
				35355B1F198AD7DC00BEE1C9 /* Products */,
			);
			sourceTree = "<group>";
		};
		35355B1F198AD7DC00BEE1C9 /* Products */ = {
			isa = PBXGroup;
			children = (
				35355B1E198AD7DC00BEE1C9 /* Image.app */,
				35355B42198AD7DC00BEE1C9 /* ImageTests.xctest */,
			);
			name = Products;
			sourceTree = "<group>";
		};
		35355B20198AD7DC00BEE1C9 /* Frameworks */ = {
			isa = PBXGroup;
			children = (
				35355B21198AD7DC00BEE1C9 /* Foundation.framework */,
				35355B23198AD7DC00BEE1C9 /* CoreGraphics.framework */,
				35355B25198AD7DC00BEE1C9 /* UIKit.framework */,
				35355B43198AD7DC00BEE1C9 /* XCTest.framework */,
			);
			name = Frameworks;
			sourceTree = "<group>";
		};
		35355B27198AD7DC00BEE1C9 /* Image */ = {
			isa = PBXGroup;
			children = (
				35355B30198AD7DC00BEE1C9 /* AppDelegate.h */,
				35355B31198AD7DC00BEE1C9 /* AppDelegate.m */,
				35355B33198AD7DC00BEE1C9 /* Main_iPhone.storyboard */,
				35355B36198AD7DC00BEE1C9 /* Main_iPad.storyboard */,
				35355B39198AD7DC00BEE1C9 /* ViewController.h */,
				35355B3A198AD7DC00BEE1C9 /* ViewController.m */,
				35355B3C198AD7DC00BEE1C9 /* Images.xcassets */,
				35355B28198AD7DC00BEE1C9 /* Supporting Files */,
			);
			path = Image;
			sourceTree = "<group>";
		};
		35355B28198AD7DC00BEE1C9 /* Supporting Files */ = {
			isa = PBXGroup;
			children = (
				35355B29198AD7DC00BEE1C9 /* Image-Info.plist */,
				35355B2A198AD7DC00BEE1C9 /* InfoPlist.strings */,
				35355B2D198AD7DC00BEE1C9 /* main.m */,
				35355B2F198AD7DC00BEE1C9 /* Image-Prefix.pch */,
			);
			name = "Supporting Files";
			sourceTree = "<group>";
		};
		35355B49198AD7DC00BEE1C9 /* ImageTests */ = {
			isa = PBXGroup;
			children = (
				35355B4F198AD7DC00BEE1C9 /* ImageTests.m */,
				35355B4A198AD7DC00BEE1C9 /* Supporting Files */,
			);
			path = ImageTests;
			sourceTree = "<group>";
		};
		35355B4A198AD7DC00BEE1C9 /* Supporting Files */ = {
			isa = PBXGroup;
			children = (
				35355B4B198AD7DC00BEE1C9 /* ImageTests-Info.plist */,
				35355B4C198AD7DC00BEE1C9 /* InfoPlist.strings */,
			);
			name = "Supporting Files";
			sourceTree = "<group>";
		};
/* End PBXGroup section */

/* Begin PBXNativeTarget section */
		35355B1D198AD7DC00BEE1C9 /* Image */ = {
			isa = PBXNativeTarget;
			buildConfigurationList = 35355B53198AD7DC00BEE1C9 /* Build configuration list for PBXNativeTarget "Image" */;
			buildPhases = (
				35355B1A198AD7DC00BEE1C9 /* Sources */,
				35355B1B198AD7DC00BEE1C9 /* Frameworks */,
				35355B1C198AD7DC00BEE1C9 /* Resources */,
			);
			buildRules = (
			);
			dependencies = (
			);
			name = Image;
			productName = Image;
			productReference = 35355B1E198AD7DC00BEE1C9 /* Image.app */;
			productType = "com.apple.product-type.application";
		};
		35355B41198AD7DC00BEE1C9 /* ImageTests */ = {
			isa = PBXNativeTarget;
			buildConfigurationList = 35355B56198AD7DC00BEE1C9 /* Build configuration list for PBXNativeTarget "ImageTests" */;
			buildPhases = (
				35355B3E198AD7DC00BEE1C9 /* Sources */,
				35355B3F198AD7DC00BEE1C9 /* Frameworks */,
				35355B40198AD7DC00BEE1C9 /* Resources */,
			);
			buildRules = (
			);
			dependencies = (
				35355B48198AD7DC00BEE1C9 /* PBXTargetDependency */,
			);
			name = ImageTests;
			productName = ImageTests;
			productReference = 35355B42198AD7DC00BEE1C9 /* ImageTests.xctest */;
			productType = "com.apple.product-type.bundle.unit-test";
		};
/* End PBXNativeTarget section */

/* Begin PBXProject section */
		35355B16198AD7DB00BEE1C9 /* Project object */ = {
			isa = PBXProject;
			attributes = {
				LastUpgradeCheck = 0510;
				ORGANIZATIONNAME = Rahul;
				TargetAttributes = {
					35355B41198AD7DC00BEE1C9 = {
						TestTargetID = 35355B1D198AD7DC00BEE1C9;
					};
				};
			};
			buildConfigurationList = 35355B19198AD7DB00BEE1C9 /* Build configuration list for PBXProject "Image" */;
			compatibilityVersion = "Xcode 3.2";
			developmentRegion = English;
			hasScannedForEncodings = 0;
			knownRegions = (
				en,
				Base,
			);
			mainGroup = 35355B15198AD7DB00BEE1C9;
			productRefGroup = 35355B1F198AD7DC00BEE1C9 /* Products */;
			projectDirPath = "";
			projectRoot = "";
			targets = (
				35355B1D198AD7DC00BEE1C9 /* Image */,
				35355B41198AD7DC00BEE1C9 /* ImageTests */,
			);
		};
/* End PBXProject section */

/* Begin PBXResourcesBuildPhase section */
		35355B1C198AD7DC00BEE1C9 /* Resources */ = {
			isa = PBXResourcesBuildPhase;
			buildActionMask = 2147483647;
			files = (
				35355B38198AD7DC00BEE1C9 /* Main_iPad.storyboard in Resources */,
				35355B3D198AD7DC00BEE1C9 /* Images.xcassets in Resources */,
				35355B35198AD7DC00BEE1C9 /* Main_iPhone.storyboard in Resources */,
				35355B2C198AD7DC00BEE1C9 /* InfoPlist.strings in Resources */,
			);
			runOnlyForDeploymentPostprocessing = 0;
		};
		35355B40198AD7DC00BEE1C9 /* Resources */ = {
			isa = PBXResourcesBuildPhase;
			buildActionMask = 2147483647;
			files = (
				35355B4E198AD7DC00BEE1C9 /* InfoPlist.strings in Resources */,
			);
			runOnlyForDeploymentPostprocessing = 0;
		};
/* End PBXResourcesBuildPhase section */

/* Begin PBXSourcesBuildPhase section */
		35355B1A198AD7DC00BEE1C9 /* Sources */ = {
			isa = PBXSourcesBuildPhase;
			buildActionMask = 2147483647;
			files = (
				35355B3B198AD7DC00BEE1C9 /* ViewController.m in Sources */,
				35355B32198AD7DC00BEE1C9 /* AppDelegate.m in Sources */,
				35355B2E198AD7DC00BEE1C9 /* main.m in Sources */,
			);
			runOnlyForDeploymentPostprocessing = 0;
		};
		35355B3E198AD7DC00BEE1C9 /* Sources */ = {
			isa = PBXSourcesBuildPhase;
			buildActionMask = 2147483647;
			files = (
				35355B50198AD7DC00BEE1C9 /* ImageTests.m in Sources */,
			);
			runOnlyForDeploymentPostprocessing = 0;
		};
/* End PBXSourcesBuildPhase section */

/* Begin PBXTargetDependency section */
		35355B48198AD7DC00BEE1C9 /* PBXTargetDependency */ = {
			isa = PBXTargetDependency;
			target = 35355B1D198AD7DC00BEE1C9 /* Image */;
			targetProxy = 35355B47198AD7DC00BEE1C9 /* PBXContainerItemProxy */;
		};
/* End PBXTargetDependency section */

/* Begin PBXVariantGroup section */
		35355B2A198AD7DC00BEE1C9 /* InfoPlist.strings */ = {
			isa = PBXVariantGroup;
			children = (
				35355B2B198AD7DC00BEE1C9 /* en */,
			);
			name = InfoPlist.strings;
			sourceTree = "<group>";
		};
		35355B33198AD7DC00BEE1C9 /* Main_iPhone.storyboard */ = {
			isa = PBXVariantGroup;
			children = (
				35355B34198AD7DC00BEE1C9 /* Base */,
			);
			name = Main_iPhone.storyboard;
			sourceTree = "<group>";
		};
		35355B36198AD7DC00BEE1C9 /* Main_iPad.storyboard */ = {
			isa = PBXVariantGroup;
			children = (
				35355B37198AD7DC00BEE1C9 /* Base */,
			);
			name = Main_iPad.storyboard;
			sourceTree = "<group>";
		};
		35355B4C198AD7DC00BEE1C9 /* InfoPlist.strings */ = {
			isa = PBXVariantGroup;
			children = (
				35355B4D198AD7DC00BEE1C9 /* en */,
			);
			name = InfoPlist.strings;
			sourceTree = "<group>";
		};
/* End PBXVariantGroup section */

/* Begin XCBuildConfiguration section */
		35355B51198AD7DC00BEE1C9 /* Debug */ = {
			isa = XCBuildConfiguration;
			buildSettings = {
				ALWAYS_SEARCH_USER_PATHS = NO;
				CLANG_CXX_LANGUAGE_STANDARD = "gnu++0x";
				CLANG_CXX_LIBRARY = "libc++";
				CLANG_ENABLE_MODULES = YES;
				CLANG_ENABLE_OBJC_ARC = YES;
				CLANG_WARN_BOOL_CONVERSION = YES;
				CLANG_WARN_CONSTANT_CONVERSION = YES;
				CLANG_WARN_DIRECT_OBJC_ISA_USAGE = YES_ERROR;
				CLANG_WARN_EMPTY_BODY = YES;
				CLANG_WARN_ENUM_CONVERSION = YES;
				CLANG_WARN_INT_CONVERSION = YES;
				CLANG_WARN_OBJC_ROOT_CLASS = YES_ERROR;
				CLANG_WARN__DUPLICATE_METHOD_MATCH = YES;
				"CODE_SIGN_IDENTITY[sdk=iphoneos*]" = "iPhone Developer";
				COPY_PHASE_STRIP = NO;
				GCC_C_LANGUAGE_STANDARD = gnu99;
				GCC_DYNAMIC_NO_PIC = NO;
				GCC_OPTIMIZATION_LEVEL = 0;
				GCC_PREPROCESSOR_DEFINITIONS = (
					"DEBUG=1",
					"$(inherited)",
				);
				GCC_SYMBOLS_PRIVATE_EXTERN = NO;
				GCC_WARN_64_TO_32_BIT_CONVERSION = YES;
				GCC_WARN_ABOUT_RETURN_TYPE = YES_ERROR;
				GCC_WARN_UNDECLARED_SELECTOR = YES;
				GCC_WARN_UNINITIALIZED_AUTOS = YES_AGGRESSIVE;
				GCC_WARN_UNUSED_FUNCTION = YES;
				GCC_WARN_UNUSED_VARIABLE = YES;
				IPHONEOS_DEPLOYMENT_TARGET = 7.1;
				ONLY_ACTIVE_ARCH = YES;
				SDKROOT = iphoneos;
				TARGETED_DEVICE_FAMILY = "1,2";
			};
			name = Debug;
		};
		35355B52198AD7DC00BEE1C9 /* Release */ = {
			isa = XCBuildConfiguration;
			buildSettings = {
				ALWAYS_SEARCH_USER_PATHS = NO;
				CLANG_CXX_LANGUAGE_STANDARD = "gnu++0x";
				CLANG_CXX_LIBRARY = "libc++";
				CLANG_ENABLE_MODULES = YES;
				CLANG_ENABLE_OBJC_ARC = YES;
				CLANG_WARN_BOOL_CONVERSION = YES;
				CLANG_WARN_CONSTANT_CONVERSION = YES;
				CLANG_WARN_DIRECT_OBJC_ISA_USAGE = YES_ERROR;
				CLANG_WARN_EMPTY_BODY = YES;
				CLANG_WARN_ENUM_CONVERSION = YES;
				CLANG_WARN_INT_CONVERSION = YES;
				CLANG_WARN_OBJC_ROOT_CLASS = YES_ERROR;
				CLANG_WARN__DUPLICATE_METHOD_MATCH = YES;
				"CODE_SIGN_IDENTITY[sdk=iphoneos*]" = "iPhone Developer";
				COPY_PHASE_STRIP = YES;
				ENABLE_NS_ASSERTIONS = NO;
				GCC_C_LANGUAGE_STANDARD = gnu99;
				GCC_WARN_64_TO_32_BIT_CONVERSION = YES;
				GCC_WARN_ABOUT_RETURN_TYPE = YES_ERROR;
				GCC_WARN_UNDECLARED_SELECTOR = YES;
				GCC_WARN_UNINITIALIZED_AUTOS = YES_AGGRESSIVE;
				GCC_WARN_UNUSED_FUNCTION = YES;
				GCC_WARN_UNUSED_VARIABLE = YES;
				IPHONEOS_DEPLOYMENT_TARGET = 7.1;
				SDKROOT = iphoneos;
				TARGETED_DEVICE_FAMILY = "1,2";
				VALIDATE_PRODUCT = YES;
			};
			name = Release;
		};
		35355B54198AD7DC00BEE1C9 /* Debug */ = {
			isa = XCBuildConfiguration;
			buildSettings = {
				ASSETCATALOG_COMPILER_APPICON_NAME = AppIcon;
				ASSETCATALOG_COMPILER_LAUNCHIMAGE_NAME = LaunchImage;
				GCC_PRECOMPILE_PREFIX_HEADER = YES;
				GCC_PREFIX_HEADER = "Image/Image-Prefix.pch";
				INFOPLIST_FILE = "Image/Image-Info.plist";
				PRODUCT_NAME = "$(TARGET_NAME)";
				WRAPPER_EXTENSION = app;
			};
			name = Debug;
		};
		35355B55198AD7DC00BEE1C9 /* Release */ = {
			isa = XCBuildConfiguration;
			buildSettings = {
				ASSETCATALOG_COMPILER_APPICON_NAME = AppIcon;
				ASSETCATALOG_COMPILER_LAUNCHIMAGE_NAME = LaunchImage;
				GCC_PRECOMPILE_PREFIX_HEADER = YES;
				GCC_PREFIX_HEADER = "Image/Image-Prefix.pch";
				INFOPLIST_FILE = "Image/Image-Info.plist";
				PRODUCT_NAME = "$(TARGET_NAME)";
				WRAPPER_EXTENSION = app;
			};
			name = Release;
		};
		35355B57198AD7DC00BEE1C9 /* Debug */ = {
			isa = XCBuildConfiguration;
			buildSettings = {
				BUNDLE_LOADER = "$(BUILT_PRODUCTS_DIR)/Image.app/Image";
				FRAMEWORK_SEARCH_PATHS = (
					"$(SDKROOT)/Developer/Library/Frameworks",
					"$(inherited)",
					"$(DEVELOPER_FRAMEWORKS_DIR)",
				);
				GCC_PRECOMPILE_PREFIX_HEADER = YES;
				GCC_PREFIX_HEADER = "Image/Image-Prefix.pch";
				GCC_PREPROCESSOR_DEFINITIONS = (
					"DEBUG=1",
					"$(inherited)",
				);
				INFOPLIST_FILE = "ImageTests/ImageTests-Info.plist";
				PRODUCT_NAME = "$(TARGET_NAME)";
				TEST_HOST = "$(BUNDLE_LOADER)";
				WRAPPER_EXTENSION = xctest;
			};
			name = Debug;
		};
		35355B58198AD7DC00BEE1C9 /* Release */ = {
			isa = XCBuildConfiguration;
			buildSettings = {
				BUNDLE_LOADER = "$(BUILT_PRODUCTS_DIR)/Image.app/Image";
				FRAMEWORK_SEARCH_PATHS = (
					"$(SDKROOT)/Developer/Library/Frameworks",
					"$(inherited)",
					"$(DEVELOPER_FRAMEWORKS_DIR)",
				);
				GCC_PRECOMPILE_PREFIX_HEADER = YES;
				GCC_PREFIX_HEADER = "Image/Image-Prefix.pch";
				INFOPLIST_FILE = "ImageTests/ImageTests-Info.plist";
				PRODUCT_NAME = "$(TARGET_NAME)";
				TEST_HOST = "$(BUNDLE_LOADER)";
				WRAPPER_EXTENSION = xctest;
			};
			name = Release;
		};
/* End XCBuildConfiguration section */

/* Begin XCConfigurationList section */
		35355B19198AD7DB00BEE1C9 /* Build configuration list for PBXProject "Image" */ = {
			isa = XCConfigurationList;
			buildConfigurations = (
				35355B51198AD7DC00BEE1C9 /* Debug */,
				35355B52198AD7DC00BEE1C9 /* Release */,
			);
			defaultConfigurationIsVisible = 0;
			defaultConfigurationName = Release;
		};
		35355B53198AD7DC00BEE1C9 /* Build configuration list for PBXNativeTarget "Image" */ = {
			isa = XCConfigurationList;
			buildConfigurations = (
				35355B54198AD7DC00BEE1C9 /* Debug */,
				35355B55198AD7DC00BEE1C9 /* Release */,
			);
			defaultConfigurationIsVisible = 0;
		};
		35355B56198AD7DC00BEE1C9 /* Build configuration list for PBXNativeTarget "ImageTests" */ = {
			isa = XCConfigurationList;
			buildConfigurations = (
				35355B57198AD7DC00BEE1C9 /* Debug */,
				35355B58198AD7DC00BEE1C9 /* Release */,
			);
			defaultConfigurationIsVisible = 0;
		};
/* End XCConfigurationList section */
	};
	rootObject = 35355B16198AD7DB00BEE1C9 /* Project object */;
}
